
Microsoft Visual Studio Solution File, Format Version 12.00
# Visual Studio Version 16
VisualStudioVersion = 16.0.31515.178
MinimumVisualStudioVersion = 10.0.40219.1
Project("{8BC9CEB8-8B4A-11D0-8D11-00A0C91BC942}") = "D2Detour", "D2Detour\D2Detour.vcxproj", "{49EB8857-17C3-4F28-972C-49406B0FBD57}"
EndProject
Global
	GlobalSection(SolutionConfigurationPlatforms) = preSolution
		Debug|x64 = Debug|x64
		Debug|x86 = Debug|x86
		Release|x64 = Release|x64
		Release|x86 = Release|x86
	EndGlobalSection
	GlobalSection(ProjectConfigurationPlatforms) = postSolution
		{49EB8857-17C3-4F28-972C-49406B0FBD57}.Debug|x64.ActiveCfg = Debug|x64
		{49EB8857-17C3-4F28-972C-49406B0FBD57}.Debug|x64.Build.0 = Debug|x64
		{49EB8857-17C3-4F28-972C-49406B0FBD57}.Debug|x86.ActiveCfg = Debug|Win32
		{49EB8857-17C3-4F28-972C-49406B0FBD57}.Debug|x86.Build.0 = Debug|Win32
		{49EB8857-17C3-4F28-972C-49406B0FBD57}.Release|x64.ActiveCfg = Release|x64
		{49EB8857-17C3-4F28-972C-49406B0FBD57}.Release|x64.Build.0 = Release|x64
		{49EB8857-17C3-4F28-972C-49406B0FBD57}.Release|x86.ActiveCfg = Release|Win32
		{49EB8857-17C3-4F28-972C-49406B0FBD57}.Release|x86.Build.0 = Release|Win32
	EndGlobalSection
	GlobalSection(SolutionProperties) = preSolution
		HideSolutionNode = FALSE
	EndGlobalSection
	GlobalSection(ExtensibilityGlobals) = postSolution
		SolutionGuid = {771757ED-2EBA-4CAB-94E6-791851EA4ABD}
	EndGlobalSection
EndGlobal
